
Microsoft Visual Studio Solution File, Format Version 12.00
# Visual Studio Version 17
VisualStudioVersion = 17.7.34018.315
MinimumVisualStudioVersion = 10.0.40219.1
Project("{8BC9CEB8-8B4A-11D0-8D11-00A0C91BC942}") = "BankSystem", "BankSystem.vcxproj", "{7D33492F-24CF-452C-AC9D-DE2DD422E060}"
EndProject
Global
	GlobalSection(SolutionConfigurationPlatforms) = preSolution
		Debug|x64 = Debug|x64
		Debug|x86 = Debug|x86
		Release|x64 = Release|x64
		Release|x86 = Release|x86
	EndGlobalSection
	GlobalSection(ProjectConfigurationPlatforms) = postSolution
		{7D33492F-24CF-452C-AC9D-DE2DD422E060}.Debug|x64.ActiveCfg = Debug|x64
		{7D33492F-24CF-452C-AC9D-DE2DD422E060}.Debug|x64.Build.0 = Debug|x64
		{7D33492F-24CF-452C-AC9D-DE2DD422E060}.Debug|x86.ActiveCfg = Debug|Win32
		{7D33492F-24CF-452C-AC9D-DE2DD422E060}.Debug|x86.Build.0 = Debug|Win32
		{7D33492F-24CF-452C-AC9D-DE2DD422E060}.Release|x64.ActiveCfg = Release|x64
		{7D33492F-24CF-452C-AC9D-DE2DD422E060}.Release|x64.Build.0 = Release|x64
		{7D33492F-24CF-452C-AC9D-DE2DD422E060}.Release|x86.ActiveCfg = Release|Win32
		{7D33492F-24CF-452C-AC9D-DE2DD422E060}.Release|x86.Build.0 = Release|Win32
	EndGlobalSection
	GlobalSection(SolutionProperties) = preSolution
		HideSolutionNode = FALSE
	EndGlobalSection
	GlobalSection(ExtensibilityGlobals) = postSolution
		SolutionGuid = {9611449F-E264-4F0C-80DD-40C51F94ACE7}
	EndGlobalSection
EndGlobal
